{
  "name": "overudes-api-package",
  "version": "1.0.0",
  "lockfileVersion": 1,
  "requires": true,
  "dependencies": {
    "overudes-api": {
      "version": "1.0.0",
      "resolved": "https://registry.npmjs.org/overudes-api/-/overudes-api-1.0.0.tgz",
      "integrity": "sha512-+TVW/2NMSVcyYEglnfbv36NoumOwiTpb6ufzHX6GKeaSfvolLgyBC52ocQ4AQqflV41H9+eKi04gf75bysSucQ=="
    }
  }
}
